
Microsoft Visual Studio Solution File, Format Version 12.00
# Visual Studio Version 17
VisualStudioVersion = 17.0.31903.59
MinimumVisualStudioVersion = 10.0.40219.1
Project("{FAE04EC0-301F-11D3-BF4B-00C04F79EFBC}") = "Core", "Core\Core.csproj", "{707C8B34-D74D-4DB5-A788-76EEC9CDD894}"
EndProject
Project("{FAE04EC0-301F-11D3-BF4B-00C04F79EFBC}") = "Infrastructure", "Infrastructure\Infrastructure.csproj", "{73FDC7D8-BA0E-4895-9EAF-ED486D3A2480}"
EndProject
Global
	GlobalSection(SolutionConfigurationPlatforms) = preSolution
		Debug|Any CPU = Debug|Any CPU
		Release|Any CPU = Release|Any CPU
	EndGlobalSection
	GlobalSection(SolutionProperties) = preSolution
		HideSolutionNode = FALSE
	EndGlobalSection
	GlobalSection(ProjectConfigurationPlatforms) = postSolution
		{707C8B34-D74D-4DB5-A788-76EEC9CDD894}.Debug|Any CPU.ActiveCfg = Debug|Any CPU
		{707C8B34-D74D-4DB5-A788-76EEC9CDD894}.Debug|Any CPU.Build.0 = Debug|Any CPU
		{707C8B34-D74D-4DB5-A788-76EEC9CDD894}.Release|Any CPU.ActiveCfg = Release|Any CPU
		{707C8B34-D74D-4DB5-A788-76EEC9CDD894}.Release|Any CPU.Build.0 = Release|Any CPU
		{73FDC7D8-BA0E-4895-9EAF-ED486D3A2480}.Debug|Any CPU.ActiveCfg = Debug|Any CPU
		{73FDC7D8-BA0E-4895-9EAF-ED486D3A2480}.Debug|Any CPU.Build.0 = Debug|Any CPU
		{73FDC7D8-BA0E-4895-9EAF-ED486D3A2480}.Release|Any CPU.ActiveCfg = Release|Any CPU
		{73FDC7D8-BA0E-4895-9EAF-ED486D3A2480}.Release|Any CPU.Build.0 = Release|Any CPU
	EndGlobalSection
EndGlobal
